{"pid":115035,"workspaceFolders":["/home/squinlan/artifact-engine","/home/squinlan/turnstile","/home/squinlan/sak-router","/home/squinlan/session-manager","/home/squinlan/orchestrator","/home/squinlan/artifact-assembler"],"ideName":"Visual Studio Code","transport":"ws","runningInWindows":false,"authToken":"33f93b3d-8711-42f5-8772-9abec4041192"}