{"pid":3251897,"workspaceFolders":["/home/squinlan/artifact-engine","/home/squinlan/turnstile","/home/squinlan/sak-router","/home/squinlan/session-manager","/home/squinlan/orchestrator","/home/squinlan/artifact-assembler"],"ideName":"Visual Studio Code","transport":"ws","runningInWindows":false,"authToken":"05763208-17f4-4f4a-8d4c-36ece9e57f16"}